# This file is automatically @generated by Cargo.
# It is not intended for manual editing.
version = 4

[[package]]
name = "acpi"
version = "0.1.0"

[[package]]
name = "arch"
version = "0.1.0"

[[package]]
name = "bootloader"
version = "0.1.0"
dependencies = [
 "arch",
 "kernel",
 "uefi",
]

[[package]]
name = "kernel"
version = "0.1.0"
dependencies = [
 "arch",
 "uefi",
]

[[package]]
name = "operating_system"
version = "0.1.0"
dependencies = [
 "bootloader",
 "kernel",
]

[[package]]
name = "uefi"
version = "0.1.0"
dependencies = [
 "acpi",
]
